
Microsoft Visual Studio Solution File, Format Version 12.00
Project("{FAE04EC0-301F-11D3-BF4B-00C04F79EFBC}") = "Factory", "Factory\Factory.csproj", "{092FC107-0CD2-40BB-B4A1-8E1CE2621A8A}"
EndProject
Project("{FAE04EC0-301F-11D3-BF4B-00C04F79EFBC}") = "Singleton", "Singleton\Singleton.csproj", "{7F52F527-F6E6-4BE6-BADC-F8241BCE33DA}"
EndProject
Project("{FAE04EC0-301F-11D3-BF4B-00C04F79EFBC}") = "AbstractFactory", "AbstractFactory\AbstractFactory.csproj", "{47A685D4-85D1-41D3-B3C2-D0B48272EE7E}"
EndProject
Project("{FAE04EC0-301F-11D3-BF4B-00C04F79EFBC}") = "_PatternTest", "_PatternTest\_PatternTest.csproj", "{5C867CEA-215B-47B4-B2A6-E2308F9B5D11}"
EndProject
Project("{FAE04EC0-301F-11D3-BF4B-00C04F79EFBC}") = "Builder", "Builder\Builder.csproj", "{07778DAD-6024-49DB-8FC8-F97B21960C30}"
EndProject
Project("{FAE04EC0-301F-11D3-BF4B-00C04F79EFBC}") = "Prototype", "Prototype\Prototype.csproj", "{9D1C9AA9-F8EB-44D9-9EDB-13EDB5DF0A05}"
EndProject
Global
	GlobalSection(SolutionConfigurationPlatforms) = preSolution
		Debug|Any CPU = Debug|Any CPU
		Release|Any CPU = Release|Any CPU
	EndGlobalSection
	GlobalSection(ProjectConfigurationPlatforms) = postSolution
		{64009A44-4EA5-4B7F-AADC-0E47DF762D9A}.Debug|Any CPU.ActiveCfg = Debug|Any CPU
		{64009A44-4EA5-4B7F-AADC-0E47DF762D9A}.Debug|Any CPU.Build.0 = Debug|Any CPU
		{64009A44-4EA5-4B7F-AADC-0E47DF762D9A}.Release|Any CPU.ActiveCfg = Release|Any CPU
		{64009A44-4EA5-4B7F-AADC-0E47DF762D9A}.Release|Any CPU.Build.0 = Release|Any CPU
		{092FC107-0CD2-40BB-B4A1-8E1CE2621A8A}.Debug|Any CPU.ActiveCfg = Debug|Any CPU
		{092FC107-0CD2-40BB-B4A1-8E1CE2621A8A}.Debug|Any CPU.Build.0 = Debug|Any CPU
		{092FC107-0CD2-40BB-B4A1-8E1CE2621A8A}.Release|Any CPU.ActiveCfg = Release|Any CPU
		{092FC107-0CD2-40BB-B4A1-8E1CE2621A8A}.Release|Any CPU.Build.0 = Release|Any CPU
		{7F52F527-F6E6-4BE6-BADC-F8241BCE33DA}.Debug|Any CPU.ActiveCfg = Debug|Any CPU
		{7F52F527-F6E6-4BE6-BADC-F8241BCE33DA}.Debug|Any CPU.Build.0 = Debug|Any CPU
		{7F52F527-F6E6-4BE6-BADC-F8241BCE33DA}.Release|Any CPU.ActiveCfg = Release|Any CPU
		{7F52F527-F6E6-4BE6-BADC-F8241BCE33DA}.Release|Any CPU.Build.0 = Release|Any CPU
		{47A685D4-85D1-41D3-B3C2-D0B48272EE7E}.Debug|Any CPU.ActiveCfg = Debug|Any CPU
		{47A685D4-85D1-41D3-B3C2-D0B48272EE7E}.Debug|Any CPU.Build.0 = Debug|Any CPU
		{47A685D4-85D1-41D3-B3C2-D0B48272EE7E}.Release|Any CPU.ActiveCfg = Release|Any CPU
		{47A685D4-85D1-41D3-B3C2-D0B48272EE7E}.Release|Any CPU.Build.0 = Release|Any CPU
		{5C867CEA-215B-47B4-B2A6-E2308F9B5D11}.Debug|Any CPU.ActiveCfg = Debug|Any CPU
		{5C867CEA-215B-47B4-B2A6-E2308F9B5D11}.Debug|Any CPU.Build.0 = Debug|Any CPU
		{5C867CEA-215B-47B4-B2A6-E2308F9B5D11}.Release|Any CPU.ActiveCfg = Release|Any CPU
		{5C867CEA-215B-47B4-B2A6-E2308F9B5D11}.Release|Any CPU.Build.0 = Release|Any CPU
		{07778DAD-6024-49DB-8FC8-F97B21960C30}.Debug|Any CPU.ActiveCfg = Debug|Any CPU
		{07778DAD-6024-49DB-8FC8-F97B21960C30}.Debug|Any CPU.Build.0 = Debug|Any CPU
		{07778DAD-6024-49DB-8FC8-F97B21960C30}.Release|Any CPU.ActiveCfg = Release|Any CPU
		{07778DAD-6024-49DB-8FC8-F97B21960C30}.Release|Any CPU.Build.0 = Release|Any CPU
		{9D1C9AA9-F8EB-44D9-9EDB-13EDB5DF0A05}.Debug|Any CPU.ActiveCfg = Debug|Any CPU
		{9D1C9AA9-F8EB-44D9-9EDB-13EDB5DF0A05}.Debug|Any CPU.Build.0 = Debug|Any CPU
		{9D1C9AA9-F8EB-44D9-9EDB-13EDB5DF0A05}.Release|Any CPU.ActiveCfg = Release|Any CPU
		{9D1C9AA9-F8EB-44D9-9EDB-13EDB5DF0A05}.Release|Any CPU.Build.0 = Release|Any CPU
	EndGlobalSection
EndGlobal
